
Microsoft Visual Studio Solution File, Format Version 12.00
# Visual Studio Version 16
VisualStudioVersion = 16.0.30011.22
MinimumVisualStudioVersion = 10.0.40219.1
Project("{9A19103F-16F7-4668-BE54-9A1E7A4F7556}") = "SocketCore", ".\SocketCore\SocketCore.csproj", "{CA727C4D-6E6E-4DF4-9573-6473F3B23E2A}"
EndProject
Project("{2150E333-8FDC-42A3-9474-1A3956D46DE8}") = "Solution Items", "Solution Items", "{5B1592FD-2043-4079-829B-8C43C5C207EF}"
	ProjectSection(SolutionItems) = preProject
		.\common.props = .\common.props
	EndProjectSection
EndProject
Project("{FAE04EC0-301F-11D3-BF4B-00C04F79EFBC}") = "TestForm", ".\TestForm\TestForm.csproj", "{1B383127-27BD-47A6-A673-FAFA6A38A404}"
EndProject
Global
	GlobalSection(SolutionConfigurationPlatforms) = preSolution
		Debug|Any CPU = Debug|Any CPU
		Release|Any CPU = Release|Any CPU
	EndGlobalSection
	GlobalSection(ProjectConfigurationPlatforms) = postSolution
		{CA727C4D-6E6E-4DF4-9573-6473F3B23E2A}.Debug|Any CPU.ActiveCfg = Debug|Any CPU
		{CA727C4D-6E6E-4DF4-9573-6473F3B23E2A}.Debug|Any CPU.Build.0 = Debug|Any CPU
		{CA727C4D-6E6E-4DF4-9573-6473F3B23E2A}.Release|Any CPU.ActiveCfg = Release|Any CPU
		{CA727C4D-6E6E-4DF4-9573-6473F3B23E2A}.Release|Any CPU.Build.0 = Release|Any CPU
		{1B383127-27BD-47A6-A673-FAFA6A38A404}.Debug|Any CPU.ActiveCfg = Debug|Any CPU
		{1B383127-27BD-47A6-A673-FAFA6A38A404}.Debug|Any CPU.Build.0 = Debug|Any CPU
		{1B383127-27BD-47A6-A673-FAFA6A38A404}.Release|Any CPU.ActiveCfg = Release|Any CPU
		{1B383127-27BD-47A6-A673-FAFA6A38A404}.Release|Any CPU.Build.0 = Release|Any CPU
	EndGlobalSection
	GlobalSection(SolutionProperties) = preSolution
		HideSolutionNode = FALSE
	EndGlobalSection
	GlobalSection(ExtensibilityGlobals) = postSolution
		SolutionGuid = {454998B6-25F5-42E4-82CF-A7E9490DD43E}
	EndGlobalSection
EndGlobal
